// !$*UTF8*$!
{
	archiveVersion = 1;
	classes = {
	};
	objectVersion = 50;
	objects = {

/* Begin PBXBuildFile section */
		E9A839D226B09BDC00AF7CB3 /* AppDelegate.swift in Sources */ = {isa = PBXBuildFile; fileRef = E9A839D126B09BDC00AF7CB3 /* AppDelegate.swift */; };
		E9A839D426B09BDC00AF7CB3 /* SceneDelegate.swift in Sources */ = {isa = PBXBuildFile; fileRef = E9A839D326B09BDC00AF7CB3 /* SceneDelegate.swift */; };
		E9A839D926B09BDC00AF7CB3 /* Main.storyboard in Resources */ = {isa = PBXBuildFile; fileRef = E9A839D726B09BDC00AF7CB3 /* Main.storyboard */; };
		E9A839DB26B09BDE00AF7CB3 /* Assets.xcassets in Resources */ = {isa = PBXBuildFile; fileRef = E9A839DA26B09BDE00AF7CB3 /* Assets.xcassets */; };
		E9A839DE26B09BDE00AF7CB3 /* LaunchScreen.storyboard in Resources */ = {isa = PBXBuildFile; fileRef = E9A839DC26B09BDE00AF7CB3 /* LaunchScreen.storyboard */; };
		E9A839E726B09C0B00AF7CB3 /* TaskCoreData.xcdatamodeld in Sources */ = {isa = PBXBuildFile; fileRef = E9A839E526B09C0B00AF7CB3 /* TaskCoreData.xcdatamodeld */; };
		E9A839F226B09F2F00AF7CB3 /* TaskListTableViewController.swift in Sources */ = {isa = PBXBuildFile; fileRef = E9A839F126B09F2F00AF7CB3 /* TaskListTableViewController.swift */; };
		E9A839F426B09F4700AF7CB3 /* TaskDetailViewController.swift in Sources */ = {isa = PBXBuildFile; fileRef = E9A839F326B09F4700AF7CB3 /* TaskDetailViewController.swift */; };
		E9A839F626B09FFD00AF7CB3 /* CoreDataStack.swift in Sources */ = {isa = PBXBuildFile; fileRef = E9A839F526B09FFD00AF7CB3 /* CoreDataStack.swift */; };
		E9A839F826B0A13D00AF7CB3 /* Task+Convenience.swift in Sources */ = {isa = PBXBuildFile; fileRef = E9A839F726B0A13D00AF7CB3 /* Task+Convenience.swift */; };
		E9A839FA26B0A27600AF7CB3 /* TaskController.swift in Sources */ = {isa = PBXBuildFile; fileRef = E9A839F926B0A27600AF7CB3 /* TaskController.swift */; };
		E9E5F42826B0B33100F0CEFC /* TaskTableViewCell.swift in Sources */ = {isa = PBXBuildFile; fileRef = E9E5F42726B0B33100F0CEFC /* TaskTableViewCell.swift */; };
/* End PBXBuildFile section */

/* Begin PBXFileReference section */
		E9A839CE26B09BDC00AF7CB3 /* TaskCoreData.app */ = {isa = PBXFileReference; explicitFileType = wrapper.application; includeInIndex = 0; path = TaskCoreData.app; sourceTree = BUILT_PRODUCTS_DIR; };
		E9A839D126B09BDC00AF7CB3 /* AppDelegate.swift */ = {isa = PBXFileReference; lastKnownFileType = sourcecode.swift; path = AppDelegate.swift; sourceTree = "<group>"; };
		E9A839D326B09BDC00AF7CB3 /* SceneDelegate.swift */ = {isa = PBXFileReference; lastKnownFileType = sourcecode.swift; path = SceneDelegate.swift; sourceTree = "<group>"; };
		E9A839D826B09BDC00AF7CB3 /* Base */ = {isa = PBXFileReference; lastKnownFileType = file.storyboard; name = Base; path = Base.lproj/Main.storyboard; sourceTree = "<group>"; };
		E9A839DA26B09BDE00AF7CB3 /* Assets.xcassets */ = {isa = PBXFileReference; lastKnownFileType = folder.assetcatalog; path = Assets.xcassets; sourceTree = "<group>"; };
		E9A839DD26B09BDE00AF7CB3 /* Base */ = {isa = PBXFileReference; lastKnownFileType = file.storyboard; name = Base; path = Base.lproj/LaunchScreen.storyboard; sourceTree = "<group>"; };
		E9A839DF26B09BDE00AF7CB3 /* Info.plist */ = {isa = PBXFileReference; lastKnownFileType = text.plist.xml; path = Info.plist; sourceTree = "<group>"; };
		E9A839E626B09C0B00AF7CB3 /* TaskCoreData.xcdatamodel */ = {isa = PBXFileReference; lastKnownFileType = wrapper.xcdatamodel; path = TaskCoreData.xcdatamodel; sourceTree = "<group>"; };
		E9A839F126B09F2F00AF7CB3 /* TaskListTableViewController.swift */ = {isa = PBXFileReference; lastKnownFileType = sourcecode.swift; path = TaskListTableViewController.swift; sourceTree = "<group>"; };
		E9A839F326B09F4700AF7CB3 /* TaskDetailViewController.swift */ = {isa = PBXFileReference; lastKnownFileType = sourcecode.swift; path = TaskDetailViewController.swift; sourceTree = "<group>"; };
		E9A839F526B09FFD00AF7CB3 /* CoreDataStack.swift */ = {isa = PBXFileReference; lastKnownFileType = sourcecode.swift; path = CoreDataStack.swift; sourceTree = "<group>"; };
		E9A839F726B0A13D00AF7CB3 /* Task+Convenience.swift */ = {isa = PBXFileReference; lastKnownFileType = sourcecode.swift; path = "Task+Convenience.swift"; sourceTree = "<group>"; };
		E9A839F926B0A27600AF7CB3 /* TaskController.swift */ = {isa = PBXFileReference; lastKnownFileType = sourcecode.swift; path = TaskController.swift; sourceTree = "<group>"; };
		E9E5F42726B0B33100F0CEFC /* TaskTableViewCell.swift */ = {isa = PBXFileReference; lastKnownFileType = sourcecode.swift; path = TaskTableViewCell.swift; sourceTree = "<group>"; };
/* End PBXFileReference section */

/* Begin PBXFrameworksBuildPhase section */
		E9A839CB26B09BDC00AF7CB3 /* Frameworks */ = {
			isa = PBXFrameworksBuildPhase;
			buildActionMask = 2147483647;
			files = (
			);
			runOnlyForDeploymentPostprocessing = 0;
		};
/* End PBXFrameworksBuildPhase section */

/* Begin PBXGroup section */
		E9A839C526B09BDC00AF7CB3 = {
			isa = PBXGroup;
			children = (
				E9A839D026B09BDC00AF7CB3 /* TaskCoreData */,
				E9A839CF26B09BDC00AF7CB3 /* Products */,
			);
			sourceTree = "<group>";
		};
		E9A839CF26B09BDC00AF7CB3 /* Products */ = {
			isa = PBXGroup;
			children = (
				E9A839CE26B09BDC00AF7CB3 /* TaskCoreData.app */,
			);
			name = Products;
			sourceTree = "<group>";
		};
		E9A839D026B09BDC00AF7CB3 /* TaskCoreData */ = {
			isa = PBXGroup;
			children = (
				E9A839EF26B09C8800AF7CB3 /* CoreData */,
				E9A839EC26B09C6A00AF7CB3 /* Controllers */,
				E9A839E926B09C3E00AF7CB3 /* Views */,
				E9A839E826B09C1C00AF7CB3 /* Resources */,
			);
			path = TaskCoreData;
			sourceTree = "<group>";
		};
		E9A839E826B09C1C00AF7CB3 /* Resources */ = {
			isa = PBXGroup;
			children = (
				E9A839D126B09BDC00AF7CB3 /* AppDelegate.swift */,
				E9A839D326B09BDC00AF7CB3 /* SceneDelegate.swift */,
				E9A839DA26B09BDE00AF7CB3 /* Assets.xcassets */,
				E9A839DF26B09BDE00AF7CB3 /* Info.plist */,
			);
			path = Resources;
			sourceTree = "<group>";
		};
		E9A839E926B09C3E00AF7CB3 /* Views */ = {
			isa = PBXGroup;
			children = (
				E9A839EB26B09C5200AF7CB3 /* CustumViews */,
				E9A839EA26B09C4800AF7CB3 /* Storyboards */,
			);
			path = Views;
			sourceTree = "<group>";
		};
		E9A839EA26B09C4800AF7CB3 /* Storyboards */ = {
			isa = PBXGroup;
			children = (
				E9A839D726B09BDC00AF7CB3 /* Main.storyboard */,
				E9A839DC26B09BDE00AF7CB3 /* LaunchScreen.storyboard */,
			);
			path = Storyboards;
			sourceTree = "<group>";
		};
		E9A839EB26B09C5200AF7CB3 /* CustumViews */ = {
			isa = PBXGroup;
			children = (
				E9E5F42726B0B33100F0CEFC /* TaskTableViewCell.swift */,
			);
			path = CustumViews;
			sourceTree = "<group>";
		};
		E9A839EC26B09C6A00AF7CB3 /* Controllers */ = {
			isa = PBXGroup;
			children = (
				E9A839ED26B09C7000AF7CB3 /* ModelControllers */,
				E9A839EE26B09C7D00AF7CB3 /* ViewControllers */,
			);
			path = Controllers;
			sourceTree = "<group>";
		};
		E9A839ED26B09C7000AF7CB3 /* ModelControllers */ = {
			isa = PBXGroup;
			children = (
				E9A839F926B0A27600AF7CB3 /* TaskController.swift */,
			);
			path = ModelControllers;
			sourceTree = "<group>";
		};
		E9A839EE26B09C7D00AF7CB3 /* ViewControllers */ = {
			isa = PBXGroup;
			children = (
				E9A839F126B09F2F00AF7CB3 /* TaskListTableViewController.swift */,
				E9A839F326B09F4700AF7CB3 /* TaskDetailViewController.swift */,
			);
			path = ViewControllers;
			sourceTree = "<group>";
		};
		E9A839EF26B09C8800AF7CB3 /* CoreData */ = {
			isa = PBXGroup;
			children = (
				E9A839E526B09C0B00AF7CB3 /* TaskCoreData.xcdatamodeld */,
				E9A839F526B09FFD00AF7CB3 /* CoreDataStack.swift */,
				E9A839F726B0A13D00AF7CB3 /* Task+Convenience.swift */,
			);
			path = CoreData;
			sourceTree = "<group>";
		};
/* End PBXGroup section */

/* Begin PBXNativeTarget section */
		E9A839CD26B09BDC00AF7CB3 /* TaskCoreData */ = {
			isa = PBXNativeTarget;
			buildConfigurationList = E9A839E226B09BDE00AF7CB3 /* Build configuration list for PBXNativeTarget "TaskCoreData" */;
			buildPhases = (
				E9A839CA26B09BDC00AF7CB3 /* Sources */,
				E9A839CB26B09BDC00AF7CB3 /* Frameworks */,
				E9A839CC26B09BDC00AF7CB3 /* Resources */,
			);
			buildRules = (
			);
			dependencies = (
			);
			name = TaskCoreData;
			productName = TaskCoreData;
			productReference = E9A839CE26B09BDC00AF7CB3 /* TaskCoreData.app */;
			productType = "com.apple.product-type.application";
		};
/* End PBXNativeTarget section */

/* Begin PBXProject section */
		E9A839C626B09BDC00AF7CB3 /* Project object */ = {
			isa = PBXProject;
			attributes = {
				LastSwiftUpdateCheck = 1250;
				LastUpgradeCheck = 1250;
				TargetAttributes = {
					E9A839CD26B09BDC00AF7CB3 = {
						CreatedOnToolsVersion = 12.5.1;
					};
				};
			};
			buildConfigurationList = E9A839C926B09BDC00AF7CB3 /* Build configuration list for PBXProject "TaskCoreData" */;
			compatibilityVersion = "Xcode 9.3";
			developmentRegion = en;
			hasScannedForEncodings = 0;
			knownRegions = (
				en,
				Base,
			);
			mainGroup = E9A839C526B09BDC00AF7CB3;
			productRefGroup = E9A839CF26B09BDC00AF7CB3 /* Products */;
			projectDirPath = "";
			projectRoot = "";
			targets = (
				E9A839CD26B09BDC00AF7CB3 /* TaskCoreData */,
			);
		};
/* End PBXProject section */

/* Begin PBXResourcesBuildPhase section */
		E9A839CC26B09BDC00AF7CB3 /* Resources */ = {
			isa = PBXResourcesBuildPhase;
			buildActionMask = 2147483647;
			files = (
				E9A839DE26B09BDE00AF7CB3 /* LaunchScreen.storyboard in Resources */,
				E9A839DB26B09BDE00AF7CB3 /* Assets.xcassets in Resources */,
				E9A839D926B09BDC00AF7CB3 /* Main.storyboard in Resources */,
			);
			runOnlyForDeploymentPostprocessing = 0;
		};
/* End PBXResourcesBuildPhase section */

/* Begin PBXSourcesBuildPhase section */
		E9A839CA26B09BDC00AF7CB3 /* Sources */ = {
			isa = PBXSourcesBuildPhase;
			buildActionMask = 2147483647;
			files = (
				E9A839D226B09BDC00AF7CB3 /* AppDelegate.swift in Sources */,
				E9A839D426B09BDC00AF7CB3 /* SceneDelegate.swift in Sources */,
				E9E5F42826B0B33100F0CEFC /* TaskTableViewCell.swift in Sources */,
				E9A839F226B09F2F00AF7CB3 /* TaskListTableViewController.swift in Sources */,
				E9A839F826B0A13D00AF7CB3 /* Task+Convenience.swift in Sources */,
				E9A839F626B09FFD00AF7CB3 /* CoreDataStack.swift in Sources */,
				E9A839E726B09C0B00AF7CB3 /* TaskCoreData.xcdatamodeld in Sources */,
				E9A839FA26B0A27600AF7CB3 /* TaskController.swift in Sources */,
				E9A839F426B09F4700AF7CB3 /* TaskDetailViewController.swift in Sources */,
			);
			runOnlyForDeploymentPostprocessing = 0;
		};
/* End PBXSourcesBuildPhase section */

/* Begin PBXVariantGroup section */
		E9A839D726B09BDC00AF7CB3 /* Main.storyboard */ = {
			isa = PBXVariantGroup;
			children = (
				E9A839D826B09BDC00AF7CB3 /* Base */,
			);
			name = Main.storyboard;
			sourceTree = "<group>";
		};
		E9A839DC26B09BDE00AF7CB3 /* LaunchScreen.storyboard */ = {
			isa = PBXVariantGroup;
			children = (
				E9A839DD26B09BDE00AF7CB3 /* Base */,
			);
			name = LaunchScreen.storyboard;
			sourceTree = "<group>";
		};
/* End PBXVariantGroup section */

/* Begin XCBuildConfiguration section */
		E9A839E026B09BDE00AF7CB3 /* Debug */ = {
			isa = XCBuildConfiguration;
			buildSettings = {
				ALWAYS_SEARCH_USER_PATHS = NO;
				CLANG_ANALYZER_NONNULL = YES;
				CLANG_ANALYZER_NUMBER_OBJECT_CONVERSION = YES_AGGRESSIVE;
				CLANG_CXX_LANGUAGE_STANDARD = "gnu++14";
				CLANG_CXX_LIBRARY = "libc++";
				CLANG_ENABLE_MODULES = YES;
				CLANG_ENABLE_OBJC_ARC = YES;
				CLANG_ENABLE_OBJC_WEAK = YES;
				CLANG_WARN_BLOCK_CAPTURE_AUTORELEASING = YES;
				CLANG_WARN_BOOL_CONVERSION = YES;
				CLANG_WARN_COMMA = YES;
				CLANG_WARN_CONSTANT_CONVERSION = YES;
				CLANG_WARN_DEPRECATED_OBJC_IMPLEMENTATIONS = YES;
				CLANG_WARN_DIRECT_OBJC_ISA_USAGE = YES_ERROR;
				CLANG_WARN_DOCUMENTATION_COMMENTS = YES;
				CLANG_WARN_EMPTY_BODY = YES;
				CLANG_WARN_ENUM_CONVERSION = YES;
				CLANG_WARN_INFINITE_RECURSION = YES;
				CLANG_WARN_INT_CONVERSION = YES;
				CLANG_WARN_NON_LITERAL_NULL_CONVERSION = YES;
				CLANG_WARN_OBJC_IMPLICIT_RETAIN_SELF = YES;
				CLANG_WARN_OBJC_LITERAL_CONVERSION = YES;
				CLANG_WARN_OBJC_ROOT_CLASS = YES_ERROR;
				CLANG_WARN_QUOTED_INCLUDE_IN_FRAMEWORK_HEADER = YES;
				CLANG_WARN_RANGE_LOOP_ANALYSIS = YES;
				CLANG_WARN_STRICT_PROTOTYPES = YES;
				CLANG_WARN_SUSPICIOUS_MOVE = YES;
				CLANG_WARN_UNGUARDED_AVAILABILITY = YES_AGGRESSIVE;
				CLANG_WARN_UNREACHABLE_CODE = YES;
				CLANG_WARN__DUPLICATE_METHOD_MATCH = YES;
				COPY_PHASE_STRIP = NO;
				DEBUG_INFORMATION_FORMAT = dwarf;
				ENABLE_STRICT_OBJC_MSGSEND = YES;
				ENABLE_TESTABILITY = YES;
				GCC_C_LANGUAGE_STANDARD = gnu11;
				GCC_DYNAMIC_NO_PIC = NO;
				GCC_NO_COMMON_BLOCKS = YES;
				GCC_OPTIMIZATION_LEVEL = 0;
				GCC_PREPROCESSOR_DEFINITIONS = (
					"DEBUG=1",
					"$(inherited)",
				);
				GCC_WARN_64_TO_32_BIT_CONVERSION = YES;
				GCC_WARN_ABOUT_RETURN_TYPE = YES_ERROR;
				GCC_WARN_UNDECLARED_SELECTOR = YES;
				GCC_WARN_UNINITIALIZED_AUTOS = YES_AGGRESSIVE;
				GCC_WARN_UNUSED_FUNCTION = YES;
				GCC_WARN_UNUSED_VARIABLE = YES;
				IPHONEOS_DEPLOYMENT_TARGET = 14.5;
				MTL_ENABLE_DEBUG_INFO = INCLUDE_SOURCE;
				MTL_FAST_MATH = YES;
				ONLY_ACTIVE_ARCH = YES;
				SDKROOT = iphoneos;
				SWIFT_ACTIVE_COMPILATION_CONDITIONS = DEBUG;
				SWIFT_OPTIMIZATION_LEVEL = "-Onone";
			};
			name = Debug;
		};
		E9A839E126B09BDE00AF7CB3 /* Release */ = {
			isa = XCBuildConfiguration;
			buildSettings = {
				ALWAYS_SEARCH_USER_PATHS = NO;
				CLANG_ANALYZER_NONNULL = YES;
				CLANG_ANALYZER_NUMBER_OBJECT_CONVERSION = YES_AGGRESSIVE;
				CLANG_CXX_LANGUAGE_STANDARD = "gnu++14";
				CLANG_CXX_LIBRARY = "libc++";
				CLANG_ENABLE_MODULES = YES;
				CLANG_ENABLE_OBJC_ARC = YES;
				CLANG_ENABLE_OBJC_WEAK = YES;
				CLANG_WARN_BLOCK_CAPTURE_AUTORELEASING = YES;
				CLANG_WARN_BOOL_CONVERSION = YES;
				CLANG_WARN_COMMA = YES;
				CLANG_WARN_CONSTANT_CONVERSION = YES;
				CLANG_WARN_DEPRECATED_OBJC_IMPLEMENTATIONS = YES;
				CLANG_WARN_DIRECT_OBJC_ISA_USAGE = YES_ERROR;
				CLANG_WARN_DOCUMENTATION_COMMENTS = YES;
				CLANG_WARN_EMPTY_BODY = YES;
				CLANG_WARN_ENUM_CONVERSION = YES;
				CLANG_WARN_INFINITE_RECURSION = YES;
				CLANG_WARN_INT_CONVERSION = YES;
				CLANG_WARN_NON_LITERAL_NULL_CONVERSION = YES;
				CLANG_WARN_OBJC_IMPLICIT_RETAIN_SELF = YES;
				CLANG_WARN_OBJC_LITERAL_CONVERSION = YES;
				CLANG_WARN_OBJC_ROOT_CLASS = YES_ERROR;
				CLANG_WARN_QUOTED_INCLUDE_IN_FRAMEWORK_HEADER = YES;
				CLANG_WARN_RANGE_LOOP_ANALYSIS = YES;
				CLANG_WARN_STRICT_PROTOTYPES = YES;
				CLANG_WARN_SUSPICIOUS_MOVE = YES;
				CLANG_WARN_UNGUARDED_AVAILABILITY = YES_AGGRESSIVE;
				CLANG_WARN_UNREACHABLE_CODE = YES;
				CLANG_WARN__DUPLICATE_METHOD_MATCH = YES;
				COPY_PHASE_STRIP = NO;
				DEBUG_INFORMATION_FORMAT = "dwarf-with-dsym";
				ENABLE_NS_ASSERTIONS = NO;
				ENABLE_STRICT_OBJC_MSGSEND = YES;
				GCC_C_LANGUAGE_STANDARD = gnu11;
				GCC_NO_COMMON_BLOCKS = YES;
				GCC_WARN_64_TO_32_BIT_CONVERSION = YES;
				GCC_WARN_ABOUT_RETURN_TYPE = YES_ERROR;
				GCC_WARN_UNDECLARED_SELECTOR = YES;
				GCC_WARN_UNINITIALIZED_AUTOS = YES_AGGRESSIVE;
				GCC_WARN_UNUSED_FUNCTION = YES;
				GCC_WARN_UNUSED_VARIABLE = YES;
				IPHONEOS_DEPLOYMENT_TARGET = 14.5;
				MTL_ENABLE_DEBUG_INFO = NO;
				MTL_FAST_MATH = YES;
				SDKROOT = iphoneos;
				SWIFT_COMPILATION_MODE = wholemodule;
				SWIFT_OPTIMIZATION_LEVEL = "-O";
				VALIDATE_PRODUCT = YES;
			};
			name = Release;
		};
		E9A839E326B09BDE00AF7CB3 /* Debug */ = {
			isa = XCBuildConfiguration;
			buildSettings = {
				ASSETCATALOG_COMPILER_APPICON_NAME = AppIcon;
				ASSETCATALOG_COMPILER_GLOBAL_ACCENT_COLOR_NAME = AccentColor;
				CODE_SIGN_STYLE = Automatic;
				DEVELOPMENT_TEAM = PNQLC6535R;
				INFOPLIST_FILE = TaskCoreData/Resources/Info.plist;
				LD_RUNPATH_SEARCH_PATHS = (
					"$(inherited)",
					"@executable_path/Frameworks",
				);
				PRODUCT_BUNDLE_IDENTIFIER = com.lijia.TaskCoreData;
				PRODUCT_NAME = "$(TARGET_NAME)";
				SWIFT_VERSION = 5.0;
				TARGETED_DEVICE_FAMILY = "1,2";
			};
			name = Debug;
		};
		E9A839E426B09BDE00AF7CB3 /* Release */ = {
			isa = XCBuildConfiguration;
			buildSettings = {
				ASSETCATALOG_COMPILER_APPICON_NAME = AppIcon;
				ASSETCATALOG_COMPILER_GLOBAL_ACCENT_COLOR_NAME = AccentColor;
				CODE_SIGN_STYLE = Automatic;
				DEVELOPMENT_TEAM = PNQLC6535R;
				INFOPLIST_FILE = TaskCoreData/Resources/Info.plist;
				LD_RUNPATH_SEARCH_PATHS = (
					"$(inherited)",
					"@executable_path/Frameworks",
				);
				PRODUCT_BUNDLE_IDENTIFIER = com.lijia.TaskCoreData;
				PRODUCT_NAME = "$(TARGET_NAME)";
				SWIFT_VERSION = 5.0;
				TARGETED_DEVICE_FAMILY = "1,2";
			};
			name = Release;
		};
/* End XCBuildConfiguration section */

/* Begin XCConfigurationList section */
		E9A839C926B09BDC00AF7CB3 /* Build configuration list for PBXProject "TaskCoreData" */ = {
			isa = XCConfigurationList;
			buildConfigurations = (
				E9A839E026B09BDE00AF7CB3 /* Debug */,
				E9A839E126B09BDE00AF7CB3 /* Release */,
			);
			defaultConfigurationIsVisible = 0;
			defaultConfigurationName = Release;
		};
		E9A839E226B09BDE00AF7CB3 /* Build configuration list for PBXNativeTarget "TaskCoreData" */ = {
			isa = XCConfigurationList;
			buildConfigurations = (
				E9A839E326B09BDE00AF7CB3 /* Debug */,
				E9A839E426B09BDE00AF7CB3 /* Release */,
			);
			defaultConfigurationIsVisible = 0;
			defaultConfigurationName = Release;
		};
/* End XCConfigurationList section */

/* Begin XCVersionGroup section */
		E9A839E526B09C0B00AF7CB3 /* TaskCoreData.xcdatamodeld */ = {
			isa = XCVersionGroup;
			children = (
				E9A839E626B09C0B00AF7CB3 /* TaskCoreData.xcdatamodel */,
			);
			currentVersion = E9A839E626B09C0B00AF7CB3 /* TaskCoreData.xcdatamodel */;
			path = TaskCoreData.xcdatamodeld;
			sourceTree = "<group>";
			versionGroupType = wrapper.xcdatamodel;
		};
/* End XCVersionGroup section */
	};
	rootObject = E9A839C626B09BDC00AF7CB3 /* Project object */;
}
